
Microsoft Visual Studio Solution File, Format Version 12.00
# Visual Studio 2013
VisualStudioVersion = 12.0.31101.0
MinimumVisualStudioVersion = 10.0.40219.1
Project("{FAE04EC0-301F-11D3-BF4B-00C04F79EFBC}") = "Learning", "Learning.csproj", "{DD20AA22-6411-4272-AE46-8CD500C3BED2}"
EndProject
Project("{FAE04EC0-301F-11D3-BF4B-00C04F79EFBC}") = "GuiTests", "..\PageObjetcAndAppConfig\GuiTests\GuiTests.csproj", "{D1A310D4-21DB-4FD6-AA1F-992471388D48}"
EndProject
Project("{FAE04EC0-301F-11D3-BF4B-00C04F79EFBC}") = "Framework", "..\SpecFlowAndPageSelenium\Framework\Framework.csproj", "{A26B6105-CD3A-429B-A09D-AB51772AE4F2}"
EndProject
Project("{FAE04EC0-301F-11D3-BF4B-00C04F79EFBC}") = "AcceptanceTest", "..\SpecFlowAndPageSelenium\AcceptanceTest\AcceptanceTest.csproj", "{314942CE-F292-4859-B821-991D00E98580}"
EndProject
Project("{FAE04EC0-301F-11D3-BF4B-00C04F79EFBC}") = "ST", "..\ST\ST.csproj", "{ABE6198C-F172-4D6D-8AEF-9C62878DE30C}"
EndProject
Project("{2150E333-8FDC-42A3-9474-1A3956D46DE8}") = "PageObjectAndAppConfig", "PageObjectAndAppConfig", "{9714B037-4A4C-4EFD-976E-A1BBA691CEB0}"
EndProject
Project("{2150E333-8FDC-42A3-9474-1A3956D46DE8}") = "SpecFlowAndPage", "SpecFlowAndPage", "{A503D0AB-B729-4B84-B02A-EAF715FE8A81}"
EndProject
Project("{2150E333-8FDC-42A3-9474-1A3956D46DE8}") = "GridAndGalio", "GridAndGalio", "{892CDA38-032A-4B0E-ADBD-FEA9EDA023C8}"
EndProject
Global
	GlobalSection(SolutionConfigurationPlatforms) = preSolution
		Debug|Any CPU = Debug|Any CPU
		Release|Any CPU = Release|Any CPU
	EndGlobalSection
	GlobalSection(ProjectConfigurationPlatforms) = postSolution
		{DD20AA22-6411-4272-AE46-8CD500C3BED2}.Debug|Any CPU.ActiveCfg = Debug|Any CPU
		{DD20AA22-6411-4272-AE46-8CD500C3BED2}.Debug|Any CPU.Build.0 = Debug|Any CPU
		{DD20AA22-6411-4272-AE46-8CD500C3BED2}.Release|Any CPU.ActiveCfg = Release|Any CPU
		{DD20AA22-6411-4272-AE46-8CD500C3BED2}.Release|Any CPU.Build.0 = Release|Any CPU
		{D1A310D4-21DB-4FD6-AA1F-992471388D48}.Debug|Any CPU.ActiveCfg = Debug|Any CPU
		{D1A310D4-21DB-4FD6-AA1F-992471388D48}.Debug|Any CPU.Build.0 = Debug|Any CPU
		{D1A310D4-21DB-4FD6-AA1F-992471388D48}.Release|Any CPU.ActiveCfg = Release|Any CPU
		{D1A310D4-21DB-4FD6-AA1F-992471388D48}.Release|Any CPU.Build.0 = Release|Any CPU
		{A26B6105-CD3A-429B-A09D-AB51772AE4F2}.Debug|Any CPU.ActiveCfg = Debug|Any CPU
		{A26B6105-CD3A-429B-A09D-AB51772AE4F2}.Debug|Any CPU.Build.0 = Debug|Any CPU
		{A26B6105-CD3A-429B-A09D-AB51772AE4F2}.Release|Any CPU.ActiveCfg = Release|Any CPU
		{A26B6105-CD3A-429B-A09D-AB51772AE4F2}.Release|Any CPU.Build.0 = Release|Any CPU
		{314942CE-F292-4859-B821-991D00E98580}.Debug|Any CPU.ActiveCfg = Debug|Any CPU
		{314942CE-F292-4859-B821-991D00E98580}.Debug|Any CPU.Build.0 = Debug|Any CPU
		{314942CE-F292-4859-B821-991D00E98580}.Release|Any CPU.ActiveCfg = Release|Any CPU
		{314942CE-F292-4859-B821-991D00E98580}.Release|Any CPU.Build.0 = Release|Any CPU
		{ABE6198C-F172-4D6D-8AEF-9C62878DE30C}.Debug|Any CPU.ActiveCfg = Debug|Any CPU
		{ABE6198C-F172-4D6D-8AEF-9C62878DE30C}.Debug|Any CPU.Build.0 = Debug|Any CPU
		{ABE6198C-F172-4D6D-8AEF-9C62878DE30C}.Release|Any CPU.ActiveCfg = Release|Any CPU
		{ABE6198C-F172-4D6D-8AEF-9C62878DE30C}.Release|Any CPU.Build.0 = Release|Any CPU
	EndGlobalSection
	GlobalSection(SolutionProperties) = preSolution
		HideSolutionNode = FALSE
	EndGlobalSection
	GlobalSection(NestedProjects) = preSolution
		{DD20AA22-6411-4272-AE46-8CD500C3BED2} = {892CDA38-032A-4B0E-ADBD-FEA9EDA023C8}
		{D1A310D4-21DB-4FD6-AA1F-992471388D48} = {9714B037-4A4C-4EFD-976E-A1BBA691CEB0}
		{A26B6105-CD3A-429B-A09D-AB51772AE4F2} = {A503D0AB-B729-4B84-B02A-EAF715FE8A81}
		{314942CE-F292-4859-B821-991D00E98580} = {A503D0AB-B729-4B84-B02A-EAF715FE8A81}
	EndGlobalSection
EndGlobal
